
Microsoft Visual Studio Solution File, Format Version 12.00
# Visual Studio 2012
Project("{FAE04EC0-301F-11D3-BF4B-00C04F79EFBC}") = "ApplicationDataModel", "ADAPT\ApplicationDataModel.csproj", "{AF77F596-0C06-4873-A094-6F3AB987B0A5}"
EndProject
Project("{FAE04EC0-301F-11D3-BF4B-00C04F79EFBC}") = "ApplicationDataModelTest", "ApplicationDataModelTest\ApplicationDataModelTest.csproj", "{EC7AEA0F-E4B9-420B-A81B-3192B0227CB6}"
EndProject
Project("{FAE04EC0-301F-11D3-BF4B-00C04F79EFBC}") = "PluginManager", "PluginManager\PluginManager.csproj", "{3658F658-0DE9-4ABD-AF83-C9F061F662ED}"
EndProject
Project("{FAE04EC0-301F-11D3-BF4B-00C04F79EFBC}") = "PluginManagerTest", "PluginManagerTest\PluginManagerTest.csproj", "{E93C5258-4B39-4913-BFB1-4E8A581380BD}"
EndProject
Project("{FAE04EC0-301F-11D3-BF4B-00C04F79EFBC}") = "TestPlugin", "TestPlugin\TestPlugin.csproj", "{C7E68936-2A8B-4185-B5CB-C47C69346A08}"
EndProject
Project("{FAE04EC0-301F-11D3-BF4B-00C04F79EFBC}") = "Representation", "Representation\Representation.csproj", "{00D0CB8E-2EDE-4766-B261-1EB0CB655F07}"
EndProject
Project("{FAE04EC0-301F-11D3-BF4B-00C04F79EFBC}") = "RepresentationTest", "RepresentationTest\RepresentationTest.csproj", "{9A78403A-98A9-4E85-8DAC-8E9C9A71305C}"
EndProject
Project("{FAE04EC0-301F-11D3-BF4B-00C04F79EFBC}") = "Visualizer", "Visualizer\Visualizer.csproj", "{308B8C5A-715D-4F80-8EA4-C4CD9FBCB970}"
EndProject
Project("{2150E333-8FDC-42A3-9474-1A3956D46DE8}") = ".nuget", ".nuget", "{DB9114AC-7F61-4F7F-B347-11ABAC981278}"
	ProjectSection(SolutionItems) = preProject
		.nuget\NuGet.Config = .nuget\NuGet.Config
		.nuget\NuGet.exe = .nuget\NuGet.exe
		.nuget\NuGet.targets = .nuget\NuGet.targets
	EndProjectSection
EndProject
Global
	GlobalSection(SolutionConfigurationPlatforms) = preSolution
		Debug|Any CPU = Debug|Any CPU
		Release|Any CPU = Release|Any CPU
	EndGlobalSection
	GlobalSection(ProjectConfigurationPlatforms) = postSolution
		{AF77F596-0C06-4873-A094-6F3AB987B0A5}.Debug|Any CPU.ActiveCfg = Debug|Any CPU
		{AF77F596-0C06-4873-A094-6F3AB987B0A5}.Debug|Any CPU.Build.0 = Debug|Any CPU
		{AF77F596-0C06-4873-A094-6F3AB987B0A5}.Release|Any CPU.ActiveCfg = Release|Any CPU
		{AF77F596-0C06-4873-A094-6F3AB987B0A5}.Release|Any CPU.Build.0 = Release|Any CPU
		{EC7AEA0F-E4B9-420B-A81B-3192B0227CB6}.Debug|Any CPU.ActiveCfg = Debug|Any CPU
		{EC7AEA0F-E4B9-420B-A81B-3192B0227CB6}.Debug|Any CPU.Build.0 = Debug|Any CPU
		{EC7AEA0F-E4B9-420B-A81B-3192B0227CB6}.Release|Any CPU.ActiveCfg = Release|Any CPU
		{EC7AEA0F-E4B9-420B-A81B-3192B0227CB6}.Release|Any CPU.Build.0 = Release|Any CPU
		{3658F658-0DE9-4ABD-AF83-C9F061F662ED}.Debug|Any CPU.ActiveCfg = Debug|Any CPU
		{3658F658-0DE9-4ABD-AF83-C9F061F662ED}.Debug|Any CPU.Build.0 = Debug|Any CPU
		{3658F658-0DE9-4ABD-AF83-C9F061F662ED}.Release|Any CPU.ActiveCfg = Release|Any CPU
		{3658F658-0DE9-4ABD-AF83-C9F061F662ED}.Release|Any CPU.Build.0 = Release|Any CPU
		{E93C5258-4B39-4913-BFB1-4E8A581380BD}.Debug|Any CPU.ActiveCfg = Debug|Any CPU
		{E93C5258-4B39-4913-BFB1-4E8A581380BD}.Debug|Any CPU.Build.0 = Debug|Any CPU
		{E93C5258-4B39-4913-BFB1-4E8A581380BD}.Release|Any CPU.ActiveCfg = Release|Any CPU
		{E93C5258-4B39-4913-BFB1-4E8A581380BD}.Release|Any CPU.Build.0 = Release|Any CPU
		{C7E68936-2A8B-4185-B5CB-C47C69346A08}.Debug|Any CPU.ActiveCfg = Debug|Any CPU
		{C7E68936-2A8B-4185-B5CB-C47C69346A08}.Debug|Any CPU.Build.0 = Debug|Any CPU
		{C7E68936-2A8B-4185-B5CB-C47C69346A08}.Release|Any CPU.ActiveCfg = Release|Any CPU
		{C7E68936-2A8B-4185-B5CB-C47C69346A08}.Release|Any CPU.Build.0 = Release|Any CPU
		{00D0CB8E-2EDE-4766-B261-1EB0CB655F07}.Debug|Any CPU.ActiveCfg = Debug|Any CPU
		{00D0CB8E-2EDE-4766-B261-1EB0CB655F07}.Debug|Any CPU.Build.0 = Debug|Any CPU
		{00D0CB8E-2EDE-4766-B261-1EB0CB655F07}.Release|Any CPU.ActiveCfg = Release|Any CPU
		{00D0CB8E-2EDE-4766-B261-1EB0CB655F07}.Release|Any CPU.Build.0 = Release|Any CPU
		{9A78403A-98A9-4E85-8DAC-8E9C9A71305C}.Debug|Any CPU.ActiveCfg = Debug|Any CPU
		{9A78403A-98A9-4E85-8DAC-8E9C9A71305C}.Debug|Any CPU.Build.0 = Debug|Any CPU
		{9A78403A-98A9-4E85-8DAC-8E9C9A71305C}.Release|Any CPU.ActiveCfg = Release|Any CPU
		{9A78403A-98A9-4E85-8DAC-8E9C9A71305C}.Release|Any CPU.Build.0 = Release|Any CPU
		{308B8C5A-715D-4F80-8EA4-C4CD9FBCB970}.Debug|Any CPU.ActiveCfg = Debug|Any CPU
		{308B8C5A-715D-4F80-8EA4-C4CD9FBCB970}.Debug|Any CPU.Build.0 = Debug|Any CPU
		{308B8C5A-715D-4F80-8EA4-C4CD9FBCB970}.Release|Any CPU.ActiveCfg = Release|Any CPU
		{308B8C5A-715D-4F80-8EA4-C4CD9FBCB970}.Release|Any CPU.Build.0 = Release|Any CPU
	EndGlobalSection
	GlobalSection(SolutionProperties) = preSolution
		HideSolutionNode = FALSE
	EndGlobalSection
EndGlobal
